
Microsoft Visual Studio Solution File, Format Version 12.00
# Visual Studio Version 16
VisualStudioVersion = 16.0.30907.101
MinimumVisualStudioVersion = 10.0.40219.1
Project("{2150E333-8FDC-42A3-9474-1A3956D46DE8}") = "src", "src", "{4960FB71-8836-4CDC-9F09-11B9BE37EF72}"
EndProject
Project("{2150E333-8FDC-42A3-9474-1A3956D46DE8}") = "1-entrypoint", "1-entrypoint", "{FE5D0D49-2804-4DA6-8B4A-88A45872A55F}"
EndProject
Project("{2150E333-8FDC-42A3-9474-1A3956D46DE8}") = "2-core", "2-core", "{B175AFF1-A5F2-48D5-AF6D-7836F69D22C1}"
EndProject
Project("{2150E333-8FDC-42A3-9474-1A3956D46DE8}") = "3-infrastructure", "3-infrastructure", "{FE5AD9C4-4309-4309-8B2D-724447D86019}"
EndProject
Project("{2150E333-8FDC-42A3-9474-1A3956D46DE8}") = "test", "test", "{661CBBFA-3278-4E62-800E-A87A27F67649}"
EndProject
Project("{FAE04EC0-301F-11D3-BF4B-00C04F79EFBC}") = "Bank.Auth.Infrastructure.Bootstrap", "Bank.Auth.Infrastructure.Bootstrap\Bank.Auth.Infrastructure.Bootstrap.csproj", "{94B09C96-8B89-4322-AD57-48F0648144E2}"
EndProject
Project("{FAE04EC0-301F-11D3-BF4B-00C04F79EFBC}") = "Bank.Auth.Api", "Bank.Auth.Api\Bank.Auth.Api.csproj", "{F88306DD-ABF2-4DB5-A146-8167CFEA314B}"
EndProject
Project("{FAE04EC0-301F-11D3-BF4B-00C04F79EFBC}") = "Bank.Auth.Domain", "Bank.Auth.Domain\Bank.Auth.Domain.csproj", "{B3C1AF19-50AA-4F0B-A255-4D9C49E294E5}"
EndProject
Project("{FAE04EC0-301F-11D3-BF4B-00C04F79EFBC}") = "Bank.Auth.Application", "Bank.Auth.Application\Bank.Auth.Application.csproj", "{E51B2812-5F62-4366-8C75-4E67AF29C628}"
EndProject
Project("{FAE04EC0-301F-11D3-BF4B-00C04F79EFBC}") = "Bank.Auth.Infrastructure", "Bank.Auth.Infrastructure\Bank.Auth.Infrastructure.csproj", "{5350B921-EEA7-4F99-B9FB-70967EB3EB1F}"
EndProject
Project("{FAE04EC0-301F-11D3-BF4B-00C04F79EFBC}") = "Bank.ApiGateway", "Bank.ApiGateway\Bank.ApiGateway.csproj", "{8AF8420D-B615-4ACA-ABBE-B67483F8369D}"
EndProject
Project("{FAE04EC0-301F-11D3-BF4B-00C04F79EFBC}") = "Bank.Loans.Domain", "Bank.Loans.Domain\Bank.Loans.Domain.csproj", "{AB532C05-EE7A-4F71-87C1-E5D17910131C}"
EndProject
Project("{FAE04EC0-301F-11D3-BF4B-00C04F79EFBC}") = "Bank.Loans.Application", "Bank.Loans.Application\Bank.Loans.Application.csproj", "{5355B83F-FB7E-4325-993E-755CECF49458}"
EndProject
Project("{FAE04EC0-301F-11D3-BF4B-00C04F79EFBC}") = "Bank.Loans.Infrastructure", "Bank.Loans.Infrastructure\Bank.Loans.Infrastructure.csproj", "{FDDC9D0C-84A5-45DE-9B25-280D6D101D9E}"
EndProject
Project("{FAE04EC0-301F-11D3-BF4B-00C04F79EFBC}") = "Bank.Loans.Infrastructure.Bootstrap", "Bank.Loans.Infrastructure.Bootstrap\Bank.Loans.Infrastructure.Bootstrap.csproj", "{2F5F5EF9-0B93-440C-B80D-257EAABC8754}"
EndProject
Project("{E53339B2-1760-4266-BCC7-CA923CBCF16C}") = "docker-compose", "docker-compose.dcproj", "{9464F336-25D1-46CE-A2D3-6C933D7AA75E}"
EndProject
Project("{FAE04EC0-301F-11D3-BF4B-00C04F79EFBC}") = "Bank.Loans.Api", "Bank.Loans.Api\Bank.Loans.Api.csproj", "{E925F86E-B7EE-4F45-9F5E-015C330264F2}"
EndProject
Project("{FAE04EC0-301F-11D3-BF4B-00C04F79EFBC}") = "Bank.Loans.Application.Test", "Bank.Loans.Application.Test\Bank.Loans.Application.Test.csproj", "{F0AF99CB-DB74-4642-9AC2-F743877FA371}"
EndProject
Global
	GlobalSection(SolutionConfigurationPlatforms) = preSolution
		Debug|Any CPU = Debug|Any CPU
		Release|Any CPU = Release|Any CPU
	EndGlobalSection
	GlobalSection(ProjectConfigurationPlatforms) = postSolution
		{94B09C96-8B89-4322-AD57-48F0648144E2}.Debug|Any CPU.ActiveCfg = Debug|Any CPU
		{94B09C96-8B89-4322-AD57-48F0648144E2}.Debug|Any CPU.Build.0 = Debug|Any CPU
		{94B09C96-8B89-4322-AD57-48F0648144E2}.Release|Any CPU.ActiveCfg = Release|Any CPU
		{94B09C96-8B89-4322-AD57-48F0648144E2}.Release|Any CPU.Build.0 = Release|Any CPU
		{F88306DD-ABF2-4DB5-A146-8167CFEA314B}.Debug|Any CPU.ActiveCfg = Debug|Any CPU
		{F88306DD-ABF2-4DB5-A146-8167CFEA314B}.Debug|Any CPU.Build.0 = Debug|Any CPU
		{F88306DD-ABF2-4DB5-A146-8167CFEA314B}.Release|Any CPU.ActiveCfg = Release|Any CPU
		{F88306DD-ABF2-4DB5-A146-8167CFEA314B}.Release|Any CPU.Build.0 = Release|Any CPU
		{B3C1AF19-50AA-4F0B-A255-4D9C49E294E5}.Debug|Any CPU.ActiveCfg = Debug|Any CPU
		{B3C1AF19-50AA-4F0B-A255-4D9C49E294E5}.Debug|Any CPU.Build.0 = Debug|Any CPU
		{B3C1AF19-50AA-4F0B-A255-4D9C49E294E5}.Release|Any CPU.ActiveCfg = Release|Any CPU
		{B3C1AF19-50AA-4F0B-A255-4D9C49E294E5}.Release|Any CPU.Build.0 = Release|Any CPU
		{E51B2812-5F62-4366-8C75-4E67AF29C628}.Debug|Any CPU.ActiveCfg = Debug|Any CPU
		{E51B2812-5F62-4366-8C75-4E67AF29C628}.Debug|Any CPU.Build.0 = Debug|Any CPU
		{E51B2812-5F62-4366-8C75-4E67AF29C628}.Release|Any CPU.ActiveCfg = Release|Any CPU
		{E51B2812-5F62-4366-8C75-4E67AF29C628}.Release|Any CPU.Build.0 = Release|Any CPU
		{5350B921-EEA7-4F99-B9FB-70967EB3EB1F}.Debug|Any CPU.ActiveCfg = Debug|Any CPU
		{5350B921-EEA7-4F99-B9FB-70967EB3EB1F}.Debug|Any CPU.Build.0 = Debug|Any CPU
		{5350B921-EEA7-4F99-B9FB-70967EB3EB1F}.Release|Any CPU.ActiveCfg = Release|Any CPU
		{5350B921-EEA7-4F99-B9FB-70967EB3EB1F}.Release|Any CPU.Build.0 = Release|Any CPU
		{8AF8420D-B615-4ACA-ABBE-B67483F8369D}.Debug|Any CPU.ActiveCfg = Debug|Any CPU
		{8AF8420D-B615-4ACA-ABBE-B67483F8369D}.Debug|Any CPU.Build.0 = Debug|Any CPU
		{8AF8420D-B615-4ACA-ABBE-B67483F8369D}.Release|Any CPU.ActiveCfg = Release|Any CPU
		{8AF8420D-B615-4ACA-ABBE-B67483F8369D}.Release|Any CPU.Build.0 = Release|Any CPU
		{AB532C05-EE7A-4F71-87C1-E5D17910131C}.Debug|Any CPU.ActiveCfg = Debug|Any CPU
		{AB532C05-EE7A-4F71-87C1-E5D17910131C}.Debug|Any CPU.Build.0 = Debug|Any CPU
		{AB532C05-EE7A-4F71-87C1-E5D17910131C}.Release|Any CPU.ActiveCfg = Release|Any CPU
		{AB532C05-EE7A-4F71-87C1-E5D17910131C}.Release|Any CPU.Build.0 = Release|Any CPU
		{5355B83F-FB7E-4325-993E-755CECF49458}.Debug|Any CPU.ActiveCfg = Debug|Any CPU
		{5355B83F-FB7E-4325-993E-755CECF49458}.Debug|Any CPU.Build.0 = Debug|Any CPU
		{5355B83F-FB7E-4325-993E-755CECF49458}.Release|Any CPU.ActiveCfg = Release|Any CPU
		{5355B83F-FB7E-4325-993E-755CECF49458}.Release|Any CPU.Build.0 = Release|Any CPU
		{FDDC9D0C-84A5-45DE-9B25-280D6D101D9E}.Debug|Any CPU.ActiveCfg = Debug|Any CPU
		{FDDC9D0C-84A5-45DE-9B25-280D6D101D9E}.Debug|Any CPU.Build.0 = Debug|Any CPU
		{FDDC9D0C-84A5-45DE-9B25-280D6D101D9E}.Release|Any CPU.ActiveCfg = Release|Any CPU
		{FDDC9D0C-84A5-45DE-9B25-280D6D101D9E}.Release|Any CPU.Build.0 = Release|Any CPU
		{2F5F5EF9-0B93-440C-B80D-257EAABC8754}.Debug|Any CPU.ActiveCfg = Debug|Any CPU
		{2F5F5EF9-0B93-440C-B80D-257EAABC8754}.Debug|Any CPU.Build.0 = Debug|Any CPU
		{2F5F5EF9-0B93-440C-B80D-257EAABC8754}.Release|Any CPU.ActiveCfg = Release|Any CPU
		{2F5F5EF9-0B93-440C-B80D-257EAABC8754}.Release|Any CPU.Build.0 = Release|Any CPU
		{9464F336-25D1-46CE-A2D3-6C933D7AA75E}.Debug|Any CPU.ActiveCfg = Debug|Any CPU
		{9464F336-25D1-46CE-A2D3-6C933D7AA75E}.Debug|Any CPU.Build.0 = Debug|Any CPU
		{9464F336-25D1-46CE-A2D3-6C933D7AA75E}.Release|Any CPU.ActiveCfg = Release|Any CPU
		{9464F336-25D1-46CE-A2D3-6C933D7AA75E}.Release|Any CPU.Build.0 = Release|Any CPU
		{E925F86E-B7EE-4F45-9F5E-015C330264F2}.Debug|Any CPU.ActiveCfg = Debug|Any CPU
		{E925F86E-B7EE-4F45-9F5E-015C330264F2}.Debug|Any CPU.Build.0 = Debug|Any CPU
		{E925F86E-B7EE-4F45-9F5E-015C330264F2}.Release|Any CPU.ActiveCfg = Release|Any CPU
		{E925F86E-B7EE-4F45-9F5E-015C330264F2}.Release|Any CPU.Build.0 = Release|Any CPU
		{F0AF99CB-DB74-4642-9AC2-F743877FA371}.Debug|Any CPU.ActiveCfg = Debug|Any CPU
		{F0AF99CB-DB74-4642-9AC2-F743877FA371}.Debug|Any CPU.Build.0 = Debug|Any CPU
		{F0AF99CB-DB74-4642-9AC2-F743877FA371}.Release|Any CPU.ActiveCfg = Release|Any CPU
		{F0AF99CB-DB74-4642-9AC2-F743877FA371}.Release|Any CPU.Build.0 = Release|Any CPU
	EndGlobalSection
	GlobalSection(SolutionProperties) = preSolution
		HideSolutionNode = FALSE
	EndGlobalSection
	GlobalSection(NestedProjects) = preSolution
		{FE5D0D49-2804-4DA6-8B4A-88A45872A55F} = {4960FB71-8836-4CDC-9F09-11B9BE37EF72}
		{B175AFF1-A5F2-48D5-AF6D-7836F69D22C1} = {4960FB71-8836-4CDC-9F09-11B9BE37EF72}
		{FE5AD9C4-4309-4309-8B2D-724447D86019} = {4960FB71-8836-4CDC-9F09-11B9BE37EF72}
		{94B09C96-8B89-4322-AD57-48F0648144E2} = {FE5AD9C4-4309-4309-8B2D-724447D86019}
		{F88306DD-ABF2-4DB5-A146-8167CFEA314B} = {FE5D0D49-2804-4DA6-8B4A-88A45872A55F}
		{B3C1AF19-50AA-4F0B-A255-4D9C49E294E5} = {B175AFF1-A5F2-48D5-AF6D-7836F69D22C1}
		{E51B2812-5F62-4366-8C75-4E67AF29C628} = {B175AFF1-A5F2-48D5-AF6D-7836F69D22C1}
		{5350B921-EEA7-4F99-B9FB-70967EB3EB1F} = {FE5AD9C4-4309-4309-8B2D-724447D86019}
		{8AF8420D-B615-4ACA-ABBE-B67483F8369D} = {FE5D0D49-2804-4DA6-8B4A-88A45872A55F}
		{AB532C05-EE7A-4F71-87C1-E5D17910131C} = {B175AFF1-A5F2-48D5-AF6D-7836F69D22C1}
		{5355B83F-FB7E-4325-993E-755CECF49458} = {B175AFF1-A5F2-48D5-AF6D-7836F69D22C1}
		{FDDC9D0C-84A5-45DE-9B25-280D6D101D9E} = {FE5AD9C4-4309-4309-8B2D-724447D86019}
		{2F5F5EF9-0B93-440C-B80D-257EAABC8754} = {FE5AD9C4-4309-4309-8B2D-724447D86019}
		{E925F86E-B7EE-4F45-9F5E-015C330264F2} = {FE5D0D49-2804-4DA6-8B4A-88A45872A55F}
		{F0AF99CB-DB74-4642-9AC2-F743877FA371} = {661CBBFA-3278-4E62-800E-A87A27F67649}
	EndGlobalSection
	GlobalSection(ExtensibilityGlobals) = postSolution
		SolutionGuid = {5327D66D-6310-4603-80C9-22CF6FFE0B24}
	EndGlobalSection
EndGlobal
